
Microsoft Visual Studio Solution File, Format Version 12.00
# Visual Studio 14
VisualStudioVersion = 14.0.25420.1
MinimumVisualStudioVersion = 10.0.40219.1
Project("{FAE04EC0-301F-11D3-BF4B-00C04F79EFBC}") = "lib", "lib\lib.csproj", "{99A4C223-DD49-468F-A791-5587E795A663}"
EndProject
Project("{FAE04EC0-301F-11D3-BF4B-00C04F79EFBC}") = "Runner", "Runner\Runner.csproj", "{3F474806-7FF4-4DF9-A061-35367E99DCB8}"
EndProject
Project("{FAE04EC0-301F-11D3-BF4B-00C04F79EFBC}") = "SquareConstructor", "SquareConstructor\SquareConstructor.csproj", "{82E3B127-3AAB-477E-BAA8-B13E57B099C3}"
EndProject
Project("{FAE04EC0-301F-11D3-BF4B-00C04F79EFBC}") = "SolutionVisalizer", "SolutionVisalizer\SolutionVisalizer.csproj", "{9FA243B2-B523-4254-9268-F777A37417E1}"
EndProject
Project("{FAE04EC0-301F-11D3-BF4B-00C04F79EFBC}") = "AutoSolver", "AutoSolver\AutoSolver.csproj", "{55BD9244-4509-40E1-93B8-FE058FAB566C}"
EndProject
Project("{FAE04EC0-301F-11D3-BF4B-00C04F79EFBC}") = "TimeManager", "TimeManager\TimeManager.csproj", "{1E60E427-E877-46C2-8AD5-4F6965DF87E2}"
EndProject
Global
	GlobalSection(SolutionConfigurationPlatforms) = preSolution
		Debug|Any CPU = Debug|Any CPU
		Release|Any CPU = Release|Any CPU
	EndGlobalSection
	GlobalSection(ProjectConfigurationPlatforms) = postSolution
		{99A4C223-DD49-468F-A791-5587E795A663}.Debug|Any CPU.ActiveCfg = Debug|Any CPU
		{99A4C223-DD49-468F-A791-5587E795A663}.Debug|Any CPU.Build.0 = Debug|Any CPU
		{99A4C223-DD49-468F-A791-5587E795A663}.Release|Any CPU.ActiveCfg = Release|Any CPU
		{99A4C223-DD49-468F-A791-5587E795A663}.Release|Any CPU.Build.0 = Release|Any CPU
		{3F474806-7FF4-4DF9-A061-35367E99DCB8}.Debug|Any CPU.ActiveCfg = Debug|Any CPU
		{3F474806-7FF4-4DF9-A061-35367E99DCB8}.Debug|Any CPU.Build.0 = Debug|Any CPU
		{3F474806-7FF4-4DF9-A061-35367E99DCB8}.Release|Any CPU.ActiveCfg = Release|Any CPU
		{3F474806-7FF4-4DF9-A061-35367E99DCB8}.Release|Any CPU.Build.0 = Release|Any CPU
		{82E3B127-3AAB-477E-BAA8-B13E57B099C3}.Debug|Any CPU.ActiveCfg = Debug|Any CPU
		{82E3B127-3AAB-477E-BAA8-B13E57B099C3}.Debug|Any CPU.Build.0 = Debug|Any CPU
		{82E3B127-3AAB-477E-BAA8-B13E57B099C3}.Release|Any CPU.ActiveCfg = Release|Any CPU
		{82E3B127-3AAB-477E-BAA8-B13E57B099C3}.Release|Any CPU.Build.0 = Release|Any CPU
		{9FA243B2-B523-4254-9268-F777A37417E1}.Debug|Any CPU.ActiveCfg = Debug|Any CPU
		{9FA243B2-B523-4254-9268-F777A37417E1}.Debug|Any CPU.Build.0 = Debug|Any CPU
		{9FA243B2-B523-4254-9268-F777A37417E1}.Release|Any CPU.ActiveCfg = Release|Any CPU
		{9FA243B2-B523-4254-9268-F777A37417E1}.Release|Any CPU.Build.0 = Release|Any CPU
		{55BD9244-4509-40E1-93B8-FE058FAB566C}.Debug|Any CPU.ActiveCfg = Debug|Any CPU
		{55BD9244-4509-40E1-93B8-FE058FAB566C}.Debug|Any CPU.Build.0 = Debug|Any CPU
		{55BD9244-4509-40E1-93B8-FE058FAB566C}.Release|Any CPU.ActiveCfg = Release|Any CPU
		{55BD9244-4509-40E1-93B8-FE058FAB566C}.Release|Any CPU.Build.0 = Release|Any CPU
		{1E60E427-E877-46C2-8AD5-4F6965DF87E2}.Debug|Any CPU.ActiveCfg = Debug|Any CPU
		{1E60E427-E877-46C2-8AD5-4F6965DF87E2}.Debug|Any CPU.Build.0 = Debug|Any CPU
		{1E60E427-E877-46C2-8AD5-4F6965DF87E2}.Release|Any CPU.ActiveCfg = Release|Any CPU
		{1E60E427-E877-46C2-8AD5-4F6965DF87E2}.Release|Any CPU.Build.0 = Release|Any CPU
	EndGlobalSection
	GlobalSection(SolutionProperties) = preSolution
		HideSolutionNode = FALSE
	EndGlobalSection
EndGlobal
